
Microsoft Visual Studio Solution File, Format Version 12.00
# Visual Studio Version 17
VisualStudioVersion = 17.12.35527.113 d17.12
MinimumVisualStudioVersion = 10.0.40219.1
Project("{FAE04EC0-301F-11D3-BF4B-00C04F79EFBC}") = "NeuroAssistWeb", "NeuroAssistWeb\NeuroAssistWeb.csproj", "{5AEBE609-7988-48F4-981F-9554FF1A852F}"
EndProject
Project("{FAE04EC0-301F-11D3-BF4B-00C04F79EFBC}") = "NeuroAssistAPI", "NeuroAssistAPI\NeuroAssistAPI.csproj", "{BF1DBD0E-2CFB-4A18-B2EE-82D802A70D5B}"
EndProject
Global
	GlobalSection(SolutionConfigurationPlatforms) = preSolution
		Debug|Any CPU = Debug|Any CPU
		Release|Any CPU = Release|Any CPU
	EndGlobalSection
	GlobalSection(ProjectConfigurationPlatforms) = postSolution
		{5AEBE609-7988-48F4-981F-9554FF1A852F}.Debug|Any CPU.ActiveCfg = Debug|Any CPU
		{5AEBE609-7988-48F4-981F-9554FF1A852F}.Debug|Any CPU.Build.0 = Debug|Any CPU
		{5AEBE609-7988-48F4-981F-9554FF1A852F}.Release|Any CPU.ActiveCfg = Release|Any CPU
		{5AEBE609-7988-48F4-981F-9554FF1A852F}.Release|Any CPU.Build.0 = Release|Any CPU
		{BF1DBD0E-2CFB-4A18-B2EE-82D802A70D5B}.Debug|Any CPU.ActiveCfg = Debug|Any CPU
		{BF1DBD0E-2CFB-4A18-B2EE-82D802A70D5B}.Debug|Any CPU.Build.0 = Debug|Any CPU
		{BF1DBD0E-2CFB-4A18-B2EE-82D802A70D5B}.Release|Any CPU.ActiveCfg = Release|Any CPU
		{BF1DBD0E-2CFB-4A18-B2EE-82D802A70D5B}.Release|Any CPU.Build.0 = Release|Any CPU
	EndGlobalSection
	GlobalSection(SolutionProperties) = preSolution
		HideSolutionNode = FALSE
	EndGlobalSection
EndGlobal
